
Microsoft Visual Studio Solution File, Format Version 12.00
# Visual Studio 2013
VisualStudioVersion = 12.0.21005.1
MinimumVisualStudioVersion = 10.0.40219.1
Project("{8BC9CEB8-8B4A-11D0-8D11-00A0C91BC942}") = "SerialClientNet", "SerialClientNet\SerialClientNet.vcxproj", "{7CC205CE-030B-4A16-9473-C7DB64F24570}"
EndProject
Project("{8BC9CEB8-8B4A-11D0-8D11-00A0C91BC942}") = "SerialConnector", "SerialConnector\SerialConnector.vcxproj", "{0388BAEE-BDEB-41DB-A301-4BD9CAF0495A}"
EndProject
Global
	GlobalSection(SolutionConfigurationPlatforms) = preSolution
		Debug|Win32 = Debug|Win32
		Release|Win32 = Release|Win32
	EndGlobalSection
	GlobalSection(ProjectConfigurationPlatforms) = postSolution
		{7CC205CE-030B-4A16-9473-C7DB64F24570}.Debug|Win32.ActiveCfg = Debug|Win32
		{7CC205CE-030B-4A16-9473-C7DB64F24570}.Debug|Win32.Build.0 = Debug|Win32
		{7CC205CE-030B-4A16-9473-C7DB64F24570}.Release|Win32.ActiveCfg = Release|Win32
		{7CC205CE-030B-4A16-9473-C7DB64F24570}.Release|Win32.Build.0 = Release|Win32
		{0388BAEE-BDEB-41DB-A301-4BD9CAF0495A}.Debug|Win32.ActiveCfg = Debug|Win32
		{0388BAEE-BDEB-41DB-A301-4BD9CAF0495A}.Debug|Win32.Build.0 = Debug|Win32
		{0388BAEE-BDEB-41DB-A301-4BD9CAF0495A}.Release|Win32.ActiveCfg = Release|Win32
		{0388BAEE-BDEB-41DB-A301-4BD9CAF0495A}.Release|Win32.Build.0 = Release|Win32
	EndGlobalSection
	GlobalSection(SolutionProperties) = preSolution
		HideSolutionNode = FALSE
	EndGlobalSection
EndGlobal
